NeoBundleLock VimCleanColors 621b8cffa48b548b0ffa3c7088dd4f543e68798a
NeoBundleLock ack.vim eede0425f50d92be89ee8fb4560a5afb707c2a54
NeoBundleLock closetag.vim a52525b7220bb28309d1905108e9e8914fdb4112
NeoBundleLock ctrlp.vim 564176f01d7f3f7f8ab452ff4e1f5314de7b0981
NeoBundleLock dash.vim 4b01b6cd20fb77089b4222133c791602d140d901
NeoBundleLock dracula-theme f603ca745c723e56b0e17810e2282e187cfd7f1f
NeoBundleLock editorconfig-vim a459b8cfef00100da40fd69c8ae92c4d1e63e1d2
NeoBundleLock emmet-vim 0ccaa29dbde268888be21705b0de5de89b59ef48
NeoBundleLock indentline 4b654ecbba5b4835cd9cf3e4ae75b90499a1d6f1
NeoBundleLock jasmine.vim 50cae137f8308cdfdf70010232a852a364549411
NeoBundleLock javascript-libraries-syntax.vim 13f752fc7c0ba933c622bc462a924d14d5348530
NeoBundleLock neobundle.vim 9c62a8fcf9eb42d3956c703943c99f06a63112e6
NeoBundleLock nerdcommenter 1f4bfd59920c101a30a74a07b824608a6e65f3fe
NeoBundleLock nerdtree 2e2b649232d6ae4d02d74793e5da0ee08480ad8d
NeoBundleLock nerdtree-git-plugin 2cc01be4e4246cfed534833c64624386d69a9ae3
NeoBundleLock open-browser.vim e2bfabfc758351ee3087d4c697d1953660d943ee
NeoBundleLock php.vim ca56841fa787d094e2f7d816e2a2db6fdb3ea65f
NeoBundleLock phpcomplete.vim 9a0c44f793c6d7040629ba2f8aff5f2f1fdc41ed
NeoBundleLock scss-syntax.vim a834e4357dd91252b507a6893ef19e8d932c5f83
NeoBundleLock syntastic 25a1ddbdd73778a8b3ad16fda73ffcaf223f22df
NeoBundleLock tagbar 7b36c46d17d57db34fdb0adac9ba6382d0bb5e66
NeoBundleLock taskpaper.vim 2df291f7f40ef049d0a60151c66f11fa21b01e1c
NeoBundleLock typescript-vim 7e25a901af7cd993498cc9ecfc833ca2ac21db7a
NeoBundleLock vim-airline d00f7b35d2e615ce7a120214e4615912fc09e630
NeoBundleLock vim-airline-themes 13bad30d4ee3892cae755c83433ee85fbc96d028
NeoBundleLock vim-angular 89f2ad6923c356f37b45d9f515092f13cde04e45
NeoBundleLock vim-autoformat a2f9b88bcd66fe47a44ae8b5e1002c2d8e6f4ad4
NeoBundleLock vim-better-whitespace 7b3889cd072847f952211693f9aaf0c4ccede0a4
NeoBundleLock vim-colorschemes 28a989b28457e38df620e4c7ab23e224aff70efe
NeoBundleLock vim-css3-syntax 3993c90e1dba47975feaf726459cf19aaf2155f4
NeoBundleLock vim-dirdiff c69159f87c933301e9220d8a1bdacbdf498ce86f
NeoBundleLock vim-fugitive aac85a268e89a6c8be79341e130ac90256fadbd6
NeoBundleLock vim-gitgutter 0af9f2a3ab029054d279f69364351e95e107008a
NeoBundleLock vim-instant-markdown e45d6108433274e82649afa269b2d7adf606e4be
NeoBundleLock vim-javascript 782cc10782fabe8147fec8251b9df1abe783ff07
NeoBundleLock vim-javascript-syntax 9e019fccd738ba73713268a327ac3765646a4edd
NeoBundleLock vim-json 3029554ee1619f478fc5222bf4c6c08909b1be9c
NeoBundleLock vim-markdown ee550a7b2b47010fda7e5568dbffebd986ead080
NeoBundleLock vim-schemes 5244bbdeed4f1279c3f2c4e725590d29f160bf73
NeoBundleLock vim-surround e49d6c2459e0f5569ff2d533b4df995dd7f98313
NeoBundleLock vim-twig 4e8e678f0f46bd75db4530fbe1ec05dd941764da
NeoBundleLock vim-vinegar bd7f7b7929260072864462c04dde3b9f4c5e0d23
NeoBundleLock vimproc.vim 25cb83f24edec4aec1e9f1329302235e7a7a7fe0
